
Microsoft Visual Studio Solution File, Format Version 12.00
# Visual Studio Version 17
VisualStudioVersion = 17.14.37216.2 d17.14
MinimumVisualStudioVersion = 10.0.40219.1
Project("{FAE04EC0-301F-11D3-BF4B-00C04F79EFBC}") = "02-OperadoresEmColecoes", "02-OperadoresEmColecoes.csproj", "{AB41E990-530E-CB60-3046-B113A09F3090}"
EndProject
Global
	GlobalSection(SolutionConfigurationPlatforms) = preSolution
		Debug|Any CPU = Debug|Any CPU
		Release|Any CPU = Release|Any CPU
	EndGlobalSection
	GlobalSection(ProjectConfigurationPlatforms) = postSolution
		{AB41E990-530E-CB60-3046-B113A09F3090}.Debug|Any CPU.ActiveCfg = Debug|Any CPU
		{AB41E990-530E-CB60-3046-B113A09F3090}.Debug|Any CPU.Build.0 = Debug|Any CPU
		{AB41E990-530E-CB60-3046-B113A09F3090}.Release|Any CPU.ActiveCfg = Release|Any CPU
		{AB41E990-530E-CB60-3046-B113A09F3090}.Release|Any CPU.Build.0 = Release|Any CPU
	EndGlobalSection
	GlobalSection(SolutionProperties) = preSolution
		HideSolutionNode = FALSE
	EndGlobalSection
	GlobalSection(ExtensibilityGlobals) = postSolution
		SolutionGuid = {548489AC-EEEC-4EDC-87F0-7E217FF4DE1C}
	EndGlobalSection
EndGlobal
