
Microsoft Visual Studio Solution File, Format Version 12.00
# Visual Studio Version 17
VisualStudioVersion = 17.14.37216.2 d17.14
MinimumVisualStudioVersion = 10.0.40219.1
Project("{FAE04EC0-301F-11D3-BF4B-00C04F79EFBC}") = "05-Strings", "05-Strings.csproj", "{24BFCDF0-CBAA-C2EE-1F67-C3C97DCB514F}"
EndProject
Global
	GlobalSection(SolutionConfigurationPlatforms) = preSolution
		Debug|Any CPU = Debug|Any CPU
		Release|Any CPU = Release|Any CPU
	EndGlobalSection
	GlobalSection(ProjectConfigurationPlatforms) = postSolution
		{24BFCDF0-CBAA-C2EE-1F67-C3C97DCB514F}.Debug|Any CPU.ActiveCfg = Debug|Any CPU
		{24BFCDF0-CBAA-C2EE-1F67-C3C97DCB514F}.Debug|Any CPU.Build.0 = Debug|Any CPU
		{24BFCDF0-CBAA-C2EE-1F67-C3C97DCB514F}.Release|Any CPU.ActiveCfg = Release|Any CPU
		{24BFCDF0-CBAA-C2EE-1F67-C3C97DCB514F}.Release|Any CPU.Build.0 = Release|Any CPU
	EndGlobalSection
	GlobalSection(SolutionProperties) = preSolution
		HideSolutionNode = FALSE
	EndGlobalSection
	GlobalSection(ExtensibilityGlobals) = postSolution
		SolutionGuid = {EFBE776C-6436-43F9-936B-8C2392B419C4}
	EndGlobalSection
EndGlobal
