
Microsoft Visual Studio Solution File, Format Version 12.00
# Visual Studio Version 17
VisualStudioVersion = 17.14.37216.2 d17.14
MinimumVisualStudioVersion = 10.0.40219.1
Project("{FAE04EC0-301F-11D3-BF4B-00C04F79EFBC}") = "x03-Pratica-POO", "x03-Pratica-POO.csproj", "{356DE395-6CC3-401F-BC80-69BFB6E1F84A}"
EndProject
Global
	GlobalSection(SolutionConfigurationPlatforms) = preSolution
		Debug|Any CPU = Debug|Any CPU
		Release|Any CPU = Release|Any CPU
	EndGlobalSection
	GlobalSection(ProjectConfigurationPlatforms) = postSolution
		{356DE395-6CC3-401F-BC80-69BFB6E1F84A}.Debug|Any CPU.ActiveCfg = Debug|Any CPU
		{356DE395-6CC3-401F-BC80-69BFB6E1F84A}.Debug|Any CPU.Build.0 = Debug|Any CPU
		{356DE395-6CC3-401F-BC80-69BFB6E1F84A}.Release|Any CPU.ActiveCfg = Release|Any CPU
		{356DE395-6CC3-401F-BC80-69BFB6E1F84A}.Release|Any CPU.Build.0 = Release|Any CPU
	EndGlobalSection
	GlobalSection(SolutionProperties) = preSolution
		HideSolutionNode = FALSE
	EndGlobalSection
	GlobalSection(ExtensibilityGlobals) = postSolution
		SolutionGuid = {7F2C27F8-F131-44C1-A97F-EB0AC0C4CD50}
	EndGlobalSection
EndGlobal
